
Microsoft Visual Studio Solution File, Format Version 12.00
# Visual Studio Version 17
VisualStudioVersion = 17.10.34928.147
MinimumVisualStudioVersion = 10.0.40219.1
Project("{FAE04EC0-301F-11D3-BF4B-00C04F79EFBC}") = "RPSGame", "Rock-Paper-Scissors\RPSGame.csproj", "{82F58537-02F4-4ED1-98D8-B18C1352BD90}"
EndProject
Project("{FAE04EC0-301F-11D3-BF4B-00C04F79EFBC}") = "RPSGameTests", "RPSGameTests\RPSGameTests.csproj", "{13360544-4609-46AB-A4FC-CEF2DC3133B7}"
EndProject
Global
	GlobalSection(SolutionConfigurationPlatforms) = preSolution
		Debug|Any CPU = Debug|Any CPU
		Release|Any CPU = Release|Any CPU
	EndGlobalSection
	GlobalSection(ProjectConfigurationPlatforms) = postSolution
		{82F58537-02F4-4ED1-98D8-B18C1352BD90}.Debug|Any CPU.ActiveCfg = Debug|Any CPU
		{82F58537-02F4-4ED1-98D8-B18C1352BD90}.Debug|Any CPU.Build.0 = Debug|Any CPU
		{82F58537-02F4-4ED1-98D8-B18C1352BD90}.Release|Any CPU.ActiveCfg = Release|Any CPU
		{82F58537-02F4-4ED1-98D8-B18C1352BD90}.Release|Any CPU.Build.0 = Release|Any CPU
		{13360544-4609-46AB-A4FC-CEF2DC3133B7}.Debug|Any CPU.ActiveCfg = Debug|Any CPU
		{13360544-4609-46AB-A4FC-CEF2DC3133B7}.Debug|Any CPU.Build.0 = Debug|Any CPU
		{13360544-4609-46AB-A4FC-CEF2DC3133B7}.Release|Any CPU.ActiveCfg = Release|Any CPU
		{13360544-4609-46AB-A4FC-CEF2DC3133B7}.Release|Any CPU.Build.0 = Release|Any CPU
	EndGlobalSection
	GlobalSection(SolutionProperties) = preSolution
		HideSolutionNode = FALSE
	EndGlobalSection
	GlobalSection(ExtensibilityGlobals) = postSolution
		SolutionGuid = {1AB95407-23ED-45E3-B16F-423616C7D5F5}
	EndGlobalSection
EndGlobal
